Terraform will perform the following actions:

  # aws_cloudfront_distribution.portfolio_cdn will be created
  + resource "aws_cloudfront_distribution" "portfolio_cdn" {
      + arn                             = (known after apply)
      + caller_reference                = (known after apply)
      + comment                         = "Minato Portfolio CDN"
      + continuous_deployment_policy_id = (known after apply)
      + default_root_object             = "index.html"
      + domain_name                     = (known after apply)
      + enabled                         = true
      + etag                            = (known after apply)
      + hosted_zone_id                  = (known after apply)
      + http_version                    = "http2"
      + id                              = (known after apply)
      + in_progress_validation_batches  = (known after apply)
      + is_ipv6_enabled                 = true
      + last_modified_time              = (known after apply)
      + price_class                     = "PriceClass_All"
      + retain_on_delete                = false
      + staging                         = false
      + status                          = (known after apply)
      + tags                            = {
          + "Name" = "minato-portfolio-cdn"
        }
      + tags_all                        = {
          + "Name" = "minato-portfolio-cdn"
        }
      + trusted_key_groups              = (known after apply)
      + trusted_signers                 = (known after apply)
      + wait_for_deployment             = true

      + default_cache_behavior {
          + allowed_methods        = [
              + "GET",
              + "HEAD",
            ]
          + cached_methods         = [
              + "GET",
              + "HEAD",
            ]
          + compress               = false
          + default_ttl            = 3600
          + max_ttl                = 86400
          + min_ttl                = 0
          + target_origin_id       = "s3-portfolio-origin"
          + trusted_key_groups     = (known after apply)
          + trusted_signers        = (known after apply)
          + viewer_protocol_policy = "redirect-to-https"

          + forwarded_values {
              + headers                 = (known after apply)
              + query_string            = false
              + query_string_cache_keys = (known after apply)

              + cookies {
                  + forward           = "none"
                  + whitelisted_names = (known after apply)
                }
            }

          + grpc_config (known after apply)
        }

      + origin {
          + connection_attempts      = 3
          + connection_timeout       = 10
          + domain_name              = "minato-portfolio-site-20250816.s3-website-us-east-1.amazonaws.com"
          + origin_id                = "s3-portfolio-origin"
            # (2 unchanged attributes hidden)

          + custom_origin_config {
              + http_port                = 80
              + https_port               = 443
              + origin_keepalive_timeout = 5
              + origin_protocol_policy   = "http-only"
              + origin_read_timeout      = 30
              + origin_ssl_protocols     = [
                  + "TLSv1.2",
                ]
            }
        }

      + restrictions {
          + geo_restriction {
              + locations        = (known after apply)
              + restriction_type = "none"
            }
        }

      + viewer_certificate {
          + cloudfront_default_certificate = true
          + minimum_protocol_version       = "TLSv1"
        }
    }

Plan: 1 to add, 0 to change, 0 to destroy.

Changes to Outputs:
  + cloudfront_url = (known after apply)

Do you want to perform these actions?
  Terraform will perform the actions described above.
  Only 'yes' will be accepted to approve.

  Enter a value: yes

aws_cloudfront_distribution.portfolio_cdn: Creating...
aws_cloudfront_distribution.portfolio_cdn: Still creating... [00m10s elapsed]
aws_cloudfront_distribution.portfolio_cdn: Still creating... [00m20s elapsed]
aws_cloudfront_distribution.portfolio_cdn: Still creating... [00m30s elapsed]
aws_cloudfront_distribution.portfolio_cdn: Still creating... [00m40s elapsed]
aws_cloudfront_distribution.portfolio_cdn: Still creating... [00m50s elapsed]
aws_cloudfront_distribution.portfolio_cdn: Still creating... [01m00s elapsed]
aws_cloudfront_distribution.portfolio_cdn: Still creating... [01m10s elapsed]
aws_cloudfront_distribution.portfolio_cdn: Still creating... [01m20s elapsed]
aws_cloudfront_distribution.portfolio_cdn: Still creating... [01m30s elapsed]
aws_cloudfront_distribution.portfolio_cdn: Still creating... [01m40s elapsed]
aws_cloudfront_distribution.portfolio_cdn: Still creating... [01m50s elapsed]
aws_cloudfront_distribution.portfolio_cdn: Still creating... [02m00s elapsed]
aws_cloudfront_distribution.portfolio_cdn: Still creating... [02m10s elapsed]
aws_cloudfront_distribution.portfolio_cdn: Still creating... [02m20s elapsed]
aws_cloudfront_distribution.portfolio_cdn: Still creating... [02m30s elapsed]
aws_cloudfront_distribution.portfolio_cdn: Still creating... [02m40s elapsed]
aws_cloudfront_distribution.portfolio_cdn: Still creating... [02m50s elapsed]
aws_cloudfront_distribution.portfolio_cdn: Still creating... [03m00s elapsed]
aws_cloudfront_distribution.portfolio_cdn: Still creating... [03m10s elapsed]
aws_cloudfront_distribution.portfolio_cdn: Still creating... [03m20s elapsed]
aws_cloudfront_distribution.portfolio_cdn: Still creating... [03m30s elapsed]
aws_cloudfront_distribution.portfolio_cdn: Still creating... [03m40s elapsed]
aws_cloudfront_distribution.portfolio_cdn: Still creating... [03m50s elapsed]
aws_cloudfront_distribution.portfolio_cdn: Creation complete after 3m55s [id=E1XOD7075PJBED]

Apply complete! Resources: 1 added, 0 changed, 0 destroyed.

Outputs:

cloudfront_url = "https://d19iz2ezi71hif.cloudfront.net"